
Microsoft Visual Studio Solution File, Format Version 12.00
# Visual Studio Version 17
VisualStudioVersion = 17.8.34330.188
MinimumVisualStudioVersion = 10.0.40219.1
Project("{FAE04EC0-301F-11D3-BF4B-00C04F79EFBC}") = "Task1", "Task1\Task1.csproj", "{52C3C6CD-BBA4-4D42-BC82-6B0F757FB852}"
EndProject
Project("{FAE04EC0-301F-11D3-BF4B-00C04F79EFBC}") = "Task2", "Task2\Task2.csproj", "{CB37DE97-4E35-4732-9D0B-13F4D38641AC}"
EndProject
Project("{FAE04EC0-301F-11D3-BF4B-00C04F79EFBC}") = "Task3", "Task3\Task3.csproj", "{6F0E0027-6376-41ED-988E-0C945373AC50}"
EndProject
Project("{FAE04EC0-301F-11D3-BF4B-00C04F79EFBC}") = "Task4", "Task4\Task4.csproj", "{AAE7DA87-7CF1-4028-8952-EB79C2FE178C}"
EndProject
Project("{FAE04EC0-301F-11D3-BF4B-00C04F79EFBC}") = "Task5", "Task5\Task5.csproj", "{69A1C32A-F70E-4E35-9862-2C57BFB818E7}"
EndProject
Project("{FAE04EC0-301F-11D3-BF4B-00C04F79EFBC}") = "Task6", "Task6\Task6.csproj", "{952B2910-7F3D-4841-8613-DA85C433A292}"
EndProject
Project("{FAE04EC0-301F-11D3-BF4B-00C04F79EFBC}") = "Task7", "Task7\Task7.csproj", "{7328C264-1A34-4723-A181-43581C5A2CC8}"
EndProject
Project("{FAE04EC0-301F-11D3-BF4B-00C04F79EFBC}") = "Task8", "Task8\Task8.csproj", "{5E88802A-A3EF-4EAE-899A-FB1CE89D76A5}"
EndProject
Project("{FAE04EC0-301F-11D3-BF4B-00C04F79EFBC}") = "Task9", "Task9\Task9.csproj", "{545CB25A-5424-444E-9BFB-780163208E95}"
EndProject
Project("{FAE04EC0-301F-11D3-BF4B-00C04F79EFBC}") = "Task10", "Task10\Task10.csproj", "{AFB3C2C2-A006-4201-9042-BA81A2A0E098}"
EndProject
Project("{FAE04EC0-301F-11D3-BF4B-00C04F79EFBC}") = "Task11", "Task11\Task11.csproj", "{9C1E1792-41D6-407A-A5A7-6E82F610F205}"
EndProject
Global
	GlobalSection(SolutionConfigurationPlatforms) = preSolution
		Debug|Any CPU = Debug|Any CPU
		Release|Any CPU = Release|Any CPU
	EndGlobalSection
	GlobalSection(ProjectConfigurationPlatforms) = postSolution
		{52C3C6CD-BBA4-4D42-BC82-6B0F757FB852}.Debug|Any CPU.ActiveCfg = Debug|Any CPU
		{52C3C6CD-BBA4-4D42-BC82-6B0F757FB852}.Debug|Any CPU.Build.0 = Debug|Any CPU
		{52C3C6CD-BBA4-4D42-BC82-6B0F757FB852}.Release|Any CPU.ActiveCfg = Release|Any CPU
		{52C3C6CD-BBA4-4D42-BC82-6B0F757FB852}.Release|Any CPU.Build.0 = Release|Any CPU
		{CB37DE97-4E35-4732-9D0B-13F4D38641AC}.Debug|Any CPU.ActiveCfg = Debug|Any CPU
		{CB37DE97-4E35-4732-9D0B-13F4D38641AC}.Debug|Any CPU.Build.0 = Debug|Any CPU
		{CB37DE97-4E35-4732-9D0B-13F4D38641AC}.Release|Any CPU.ActiveCfg = Release|Any CPU
		{CB37DE97-4E35-4732-9D0B-13F4D38641AC}.Release|Any CPU.Build.0 = Release|Any CPU
		{6F0E0027-6376-41ED-988E-0C945373AC50}.Debug|Any CPU.ActiveCfg = Debug|Any CPU
		{6F0E0027-6376-41ED-988E-0C945373AC50}.Debug|Any CPU.Build.0 = Debug|Any CPU
		{6F0E0027-6376-41ED-988E-0C945373AC50}.Release|Any CPU.ActiveCfg = Release|Any CPU
		{6F0E0027-6376-41ED-988E-0C945373AC50}.Release|Any CPU.Build.0 = Release|Any CPU
		{AAE7DA87-7CF1-4028-8952-EB79C2FE178C}.Debug|Any CPU.ActiveCfg = Debug|Any CPU
		{AAE7DA87-7CF1-4028-8952-EB79C2FE178C}.Debug|Any CPU.Build.0 = Debug|Any CPU
		{AAE7DA87-7CF1-4028-8952-EB79C2FE178C}.Release|Any CPU.ActiveCfg = Release|Any CPU
		{AAE7DA87-7CF1-4028-8952-EB79C2FE178C}.Release|Any CPU.Build.0 = Release|Any CPU
		{69A1C32A-F70E-4E35-9862-2C57BFB818E7}.Debug|Any CPU.ActiveCfg = Debug|Any CPU
		{69A1C32A-F70E-4E35-9862-2C57BFB818E7}.Debug|Any CPU.Build.0 = Debug|Any CPU
		{69A1C32A-F70E-4E35-9862-2C57BFB818E7}.Release|Any CPU.ActiveCfg = Release|Any CPU
		{69A1C32A-F70E-4E35-9862-2C57BFB818E7}.Release|Any CPU.Build.0 = Release|Any CPU
		{952B2910-7F3D-4841-8613-DA85C433A292}.Debug|Any CPU.ActiveCfg = Debug|Any CPU
		{952B2910-7F3D-4841-8613-DA85C433A292}.Debug|Any CPU.Build.0 = Debug|Any CPU
		{952B2910-7F3D-4841-8613-DA85C433A292}.Release|Any CPU.ActiveCfg = Release|Any CPU
		{952B2910-7F3D-4841-8613-DA85C433A292}.Release|Any CPU.Build.0 = Release|Any CPU
		{7328C264-1A34-4723-A181-43581C5A2CC8}.Debug|Any CPU.ActiveCfg = Debug|Any CPU
		{7328C264-1A34-4723-A181-43581C5A2CC8}.Debug|Any CPU.Build.0 = Debug|Any CPU
		{7328C264-1A34-4723-A181-43581C5A2CC8}.Release|Any CPU.ActiveCfg = Release|Any CPU
		{7328C264-1A34-4723-A181-43581C5A2CC8}.Release|Any CPU.Build.0 = Release|Any CPU
		{5E88802A-A3EF-4EAE-899A-FB1CE89D76A5}.Debug|Any CPU.ActiveCfg = Debug|Any CPU
		{5E88802A-A3EF-4EAE-899A-FB1CE89D76A5}.Debug|Any CPU.Build.0 = Debug|Any CPU
		{5E88802A-A3EF-4EAE-899A-FB1CE89D76A5}.Release|Any CPU.ActiveCfg = Release|Any CPU
		{5E88802A-A3EF-4EAE-899A-FB1CE89D76A5}.Release|Any CPU.Build.0 = Release|Any CPU
		{545CB25A-5424-444E-9BFB-780163208E95}.Debug|Any CPU.ActiveCfg = Debug|Any CPU
		{545CB25A-5424-444E-9BFB-780163208E95}.Debug|Any CPU.Build.0 = Debug|Any CPU
		{545CB25A-5424-444E-9BFB-780163208E95}.Release|Any CPU.ActiveCfg = Release|Any CPU
		{545CB25A-5424-444E-9BFB-780163208E95}.Release|Any CPU.Build.0 = Release|Any CPU
		{AFB3C2C2-A006-4201-9042-BA81A2A0E098}.Debug|Any CPU.ActiveCfg = Debug|Any CPU
		{AFB3C2C2-A006-4201-9042-BA81A2A0E098}.Debug|Any CPU.Build.0 = Debug|Any CPU
		{AFB3C2C2-A006-4201-9042-BA81A2A0E098}.Release|Any CPU.ActiveCfg = Release|Any CPU
		{AFB3C2C2-A006-4201-9042-BA81A2A0E098}.Release|Any CPU.Build.0 = Release|Any CPU
		{9C1E1792-41D6-407A-A5A7-6E82F610F205}.Debug|Any CPU.ActiveCfg = Debug|Any CPU
		{9C1E1792-41D6-407A-A5A7-6E82F610F205}.Debug|Any CPU.Build.0 = Debug|Any CPU
		{9C1E1792-41D6-407A-A5A7-6E82F610F205}.Release|Any CPU.ActiveCfg = Release|Any CPU
		{9C1E1792-41D6-407A-A5A7-6E82F610F205}.Release|Any CPU.Build.0 = Release|Any CPU
	EndGlobalSection
	GlobalSection(SolutionProperties) = preSolution
		HideSolutionNode = FALSE
	EndGlobalSection
	GlobalSection(ExtensibilityGlobals) = postSolution
		SolutionGuid = {0C4B2453-F72C-44C5-B665-D40A7A4525D5}
	EndGlobalSection
EndGlobal
