
Microsoft Visual Studio Solution File, Format Version 12.00
# Visual Studio Version 17
VisualStudioVersion = 17.8.34330.188
MinimumVisualStudioVersion = 10.0.40219.1
Project("{FAE04EC0-301F-11D3-BF4B-00C04F79EFBC}") = "Task1", "Task1\Task1.csproj", "{52C3C6CD-BBA4-4D42-BC82-6B0F757FB852}"
EndProject
Project("{FAE04EC0-301F-11D3-BF4B-00C04F79EFBC}") = "Task2", "Task2\Task2.csproj", "{CB37DE97-4E35-4732-9D0B-13F4D38641AC}"
EndProject
Project("{FAE04EC0-301F-11D3-BF4B-00C04F79EFBC}") = "Task3", "Task3\Task3.csproj", "{6F0E0027-6376-41ED-988E-0C945373AC50}"
EndProject
Project("{FAE04EC0-301F-11D3-BF4B-00C04F79EFBC}") = "Task4", "Task4\Task4.csproj", "{AAE7DA87-7CF1-4028-8952-EB79C2FE178C}"
EndProject
Project("{FAE04EC0-301F-11D3-BF4B-00C04F79EFBC}") = "Task5", "Task5\Task5.csproj", "{69A1C32A-F70E-4E35-9862-2C57BFB818E7}"
EndProject
Project("{FAE04EC0-301F-11D3-BF4B-00C04F79EFBC}") = "Task6", "Task6\Task6.csproj", "{952B2910-7F3D-4841-8613-DA85C433A292}"
EndProject
Project("{FAE04EC0-301F-11D3-BF4B-00C04F79EFBC}") = "Task7", "Task7\Task7.csproj", "{7328C264-1A34-4723-A181-43581C5A2CC8}"
EndProject
Project("{FAE04EC0-301F-11D3-BF4B-00C04F79EFBC}") = "Task8", "Task8\Task8.csproj", "{5E88802A-A3EF-4EAE-899A-FB1CE89D76A5}"
EndProject
Project("{FAE04EC0-301F-11D3-BF4B-00C04F79EFBC}") = "Task9", "Task9\Task9.csproj", "{545CB25A-5424-444E-9BFB-780163208E95}"
EndProject
Project("{FAE04EC0-301F-11D3-BF4B-00C04F79EFBC}") = "Task10", "Task10\Task10.csproj", "{AFB3C2C2-A006-4201-9042-BA81A2A0E098}"
EndProject
Project("{FAE04EC0-301F-11D3-BF4B-00C04F79EFBC}") = "Task11", "Task11\Task11.csproj", "{9C1E1792-41D6-407A-A5A7-6E82F610F205}"
EndProject
Project("{FAE04EC0-301F-11D3-BF4B-00C04F79EFBC}") = "Task12", "Task12\Task12.csproj", "{92B3DCF8-51A7-4852-9AB7-31DDA4AAD31A}"
EndProject
Project("{FAE04EC0-301F-11D3-BF4B-00C04F79EFBC}") = "Task13", "Task13\Task13.csproj", "{525FA2FE-DCDA-439C-9F40-7C35B5634013}"
EndProject
Project("{FAE04EC0-301F-11D3-BF4B-00C04F79EFBC}") = "Task14", "Task14\Task14.csproj", "{D496515A-12B3-4AEE-8419-4CC618DE2D68}"
EndProject
Project("{FAE04EC0-301F-11D3-BF4B-00C04F79EFBC}") = "Task15", "Task15\Task15.csproj", "{651DA4D5-2042-40E4-ACB3-B95588C81BF2}"
EndProject
Project("{FAE04EC0-301F-11D3-BF4B-00C04F79EFBC}") = "Task16_1", "Task16_1\Task16_1.csproj", "{BE527A4C-CD9D-4458-96F6-DEA882064D0C}"
EndProject
Project("{FAE04EC0-301F-11D3-BF4B-00C04F79EFBC}") = "Task16_2", "Task16_2\Task16_2.csproj", "{37AB67F1-1A44-4768-8776-1E05FA64A4F6}"
EndProject
Project("{FAE04EC0-301F-11D3-BF4B-00C04F79EFBC}") = "Task17", "Task17\Task17.csproj", "{F7607275-9751-42B1-BFF4-9F2D15B96317}"
EndProject
Project("{FAE04EC0-301F-11D3-BF4B-00C04F79EFBC}") = "Task18", "Task18\Task18.csproj", "{AD7B43C3-C0FD-46C3-92AB-AD8D00CE42DA}"
EndProject
Project("{FAE04EC0-301F-11D3-BF4B-00C04F79EFBC}") = "Task19", "Task19\Task19.csproj", "{95649629-9B68-421A-81DC-A6EB990C9C75}"
EndProject
Project("{FAE04EC0-301F-11D3-BF4B-00C04F79EFBC}") = "Task20", "Task20\Task20.csproj", "{DDFCE628-5495-4C3E-82F7-5BF9CEDAE112}"
EndProject
Project("{FAE04EC0-301F-11D3-BF4B-00C04F79EFBC}") = "Task21", "Task21\Task21.csproj", "{DEDFFD75-C0EB-40BD-8170-CCDF5C691842}"
EndProject
Project("{FAE04EC0-301F-11D3-BF4B-00C04F79EFBC}") = "Task22", "Task22\Task22.csproj", "{2C14D197-2487-4627-A02A-B0A339C1F021}"
EndProject
Project("{FAE04EC0-301F-11D3-BF4B-00C04F79EFBC}") = "Task23", "Task23\Task23.csproj", "{B12F8C26-FC96-4CE8-B47D-BC205D1121D8}"
EndProject
Global
	GlobalSection(SolutionConfigurationPlatforms) = preSolution
		Debug|Any CPU = Debug|Any CPU
		Release|Any CPU = Release|Any CPU
	EndGlobalSection
	GlobalSection(ProjectConfigurationPlatforms) = postSolution
		{52C3C6CD-BBA4-4D42-BC82-6B0F757FB852}.Debug|Any CPU.ActiveCfg = Debug|Any CPU
		{52C3C6CD-BBA4-4D42-BC82-6B0F757FB852}.Debug|Any CPU.Build.0 = Debug|Any CPU
		{52C3C6CD-BBA4-4D42-BC82-6B0F757FB852}.Release|Any CPU.ActiveCfg = Release|Any CPU
		{52C3C6CD-BBA4-4D42-BC82-6B0F757FB852}.Release|Any CPU.Build.0 = Release|Any CPU
		{CB37DE97-4E35-4732-9D0B-13F4D38641AC}.Debug|Any CPU.ActiveCfg = Debug|Any CPU
		{CB37DE97-4E35-4732-9D0B-13F4D38641AC}.Debug|Any CPU.Build.0 = Debug|Any CPU
		{CB37DE97-4E35-4732-9D0B-13F4D38641AC}.Release|Any CPU.ActiveCfg = Release|Any CPU
		{CB37DE97-4E35-4732-9D0B-13F4D38641AC}.Release|Any CPU.Build.0 = Release|Any CPU
		{6F0E0027-6376-41ED-988E-0C945373AC50}.Debug|Any CPU.ActiveCfg = Debug|Any CPU
		{6F0E0027-6376-41ED-988E-0C945373AC50}.Debug|Any CPU.Build.0 = Debug|Any CPU
		{6F0E0027-6376-41ED-988E-0C945373AC50}.Release|Any CPU.ActiveCfg = Release|Any CPU
		{6F0E0027-6376-41ED-988E-0C945373AC50}.Release|Any CPU.Build.0 = Release|Any CPU
		{AAE7DA87-7CF1-4028-8952-EB79C2FE178C}.Debug|Any CPU.ActiveCfg = Debug|Any CPU
		{AAE7DA87-7CF1-4028-8952-EB79C2FE178C}.Debug|Any CPU.Build.0 = Debug|Any CPU
		{AAE7DA87-7CF1-4028-8952-EB79C2FE178C}.Release|Any CPU.ActiveCfg = Release|Any CPU
		{AAE7DA87-7CF1-4028-8952-EB79C2FE178C}.Release|Any CPU.Build.0 = Release|Any CPU
		{69A1C32A-F70E-4E35-9862-2C57BFB818E7}.Debug|Any CPU.ActiveCfg = Debug|Any CPU
		{69A1C32A-F70E-4E35-9862-2C57BFB818E7}.Debug|Any CPU.Build.0 = Debug|Any CPU
		{69A1C32A-F70E-4E35-9862-2C57BFB818E7}.Release|Any CPU.ActiveCfg = Release|Any CPU
		{69A1C32A-F70E-4E35-9862-2C57BFB818E7}.Release|Any CPU.Build.0 = Release|Any CPU
		{952B2910-7F3D-4841-8613-DA85C433A292}.Debug|Any CPU.ActiveCfg = Debug|Any CPU
		{952B2910-7F3D-4841-8613-DA85C433A292}.Debug|Any CPU.Build.0 = Debug|Any CPU
		{952B2910-7F3D-4841-8613-DA85C433A292}.Release|Any CPU.ActiveCfg = Release|Any CPU
		{952B2910-7F3D-4841-8613-DA85C433A292}.Release|Any CPU.Build.0 = Release|Any CPU
		{7328C264-1A34-4723-A181-43581C5A2CC8}.Debug|Any CPU.ActiveCfg = Debug|Any CPU
		{7328C264-1A34-4723-A181-43581C5A2CC8}.Debug|Any CPU.Build.0 = Debug|Any CPU
		{7328C264-1A34-4723-A181-43581C5A2CC8}.Release|Any CPU.ActiveCfg = Release|Any CPU
		{7328C264-1A34-4723-A181-43581C5A2CC8}.Release|Any CPU.Build.0 = Release|Any CPU
		{5E88802A-A3EF-4EAE-899A-FB1CE89D76A5}.Debug|Any CPU.ActiveCfg = Debug|Any CPU
		{5E88802A-A3EF-4EAE-899A-FB1CE89D76A5}.Debug|Any CPU.Build.0 = Debug|Any CPU
		{5E88802A-A3EF-4EAE-899A-FB1CE89D76A5}.Release|Any CPU.ActiveCfg = Release|Any CPU
		{5E88802A-A3EF-4EAE-899A-FB1CE89D76A5}.Release|Any CPU.Build.0 = Release|Any CPU
		{545CB25A-5424-444E-9BFB-780163208E95}.Debug|Any CPU.ActiveCfg = Debug|Any CPU
		{545CB25A-5424-444E-9BFB-780163208E95}.Debug|Any CPU.Build.0 = Debug|Any CPU
		{545CB25A-5424-444E-9BFB-780163208E95}.Release|Any CPU.ActiveCfg = Release|Any CPU
		{545CB25A-5424-444E-9BFB-780163208E95}.Release|Any CPU.Build.0 = Release|Any CPU
		{AFB3C2C2-A006-4201-9042-BA81A2A0E098}.Debug|Any CPU.ActiveCfg = Debug|Any CPU
		{AFB3C2C2-A006-4201-9042-BA81A2A0E098}.Debug|Any CPU.Build.0 = Debug|Any CPU
		{AFB3C2C2-A006-4201-9042-BA81A2A0E098}.Release|Any CPU.ActiveCfg = Release|Any CPU
		{AFB3C2C2-A006-4201-9042-BA81A2A0E098}.Release|Any CPU.Build.0 = Release|Any CPU
		{9C1E1792-41D6-407A-A5A7-6E82F610F205}.Debug|Any CPU.ActiveCfg = Debug|Any CPU
		{9C1E1792-41D6-407A-A5A7-6E82F610F205}.Debug|Any CPU.Build.0 = Debug|Any CPU
		{9C1E1792-41D6-407A-A5A7-6E82F610F205}.Release|Any CPU.ActiveCfg = Release|Any CPU
		{9C1E1792-41D6-407A-A5A7-6E82F610F205}.Release|Any CPU.Build.0 = Release|Any CPU
		{92B3DCF8-51A7-4852-9AB7-31DDA4AAD31A}.Debug|Any CPU.ActiveCfg = Debug|Any CPU
		{92B3DCF8-51A7-4852-9AB7-31DDA4AAD31A}.Debug|Any CPU.Build.0 = Debug|Any CPU
		{92B3DCF8-51A7-4852-9AB7-31DDA4AAD31A}.Release|Any CPU.ActiveCfg = Release|Any CPU
		{92B3DCF8-51A7-4852-9AB7-31DDA4AAD31A}.Release|Any CPU.Build.0 = Release|Any CPU
		{525FA2FE-DCDA-439C-9F40-7C35B5634013}.Debug|Any CPU.ActiveCfg = Debug|Any CPU
		{525FA2FE-DCDA-439C-9F40-7C35B5634013}.Debug|Any CPU.Build.0 = Debug|Any CPU
		{525FA2FE-DCDA-439C-9F40-7C35B5634013}.Release|Any CPU.ActiveCfg = Release|Any CPU
		{525FA2FE-DCDA-439C-9F40-7C35B5634013}.Release|Any CPU.Build.0 = Release|Any CPU
		{D496515A-12B3-4AEE-8419-4CC618DE2D68}.Debug|Any CPU.ActiveCfg = Debug|Any CPU
		{D496515A-12B3-4AEE-8419-4CC618DE2D68}.Debug|Any CPU.Build.0 = Debug|Any CPU
		{D496515A-12B3-4AEE-8419-4CC618DE2D68}.Release|Any CPU.ActiveCfg = Release|Any CPU
		{D496515A-12B3-4AEE-8419-4CC618DE2D68}.Release|Any CPU.Build.0 = Release|Any CPU
		{651DA4D5-2042-40E4-ACB3-B95588C81BF2}.Debug|Any CPU.ActiveCfg = Debug|Any CPU
		{651DA4D5-2042-40E4-ACB3-B95588C81BF2}.Debug|Any CPU.Build.0 = Debug|Any CPU
		{651DA4D5-2042-40E4-ACB3-B95588C81BF2}.Release|Any CPU.ActiveCfg = Release|Any CPU
		{651DA4D5-2042-40E4-ACB3-B95588C81BF2}.Release|Any CPU.Build.0 = Release|Any CPU
		{BE527A4C-CD9D-4458-96F6-DEA882064D0C}.Debug|Any CPU.ActiveCfg = Debug|Any CPU
		{BE527A4C-CD9D-4458-96F6-DEA882064D0C}.Debug|Any CPU.Build.0 = Debug|Any CPU
		{BE527A4C-CD9D-4458-96F6-DEA882064D0C}.Release|Any CPU.ActiveCfg = Release|Any CPU
		{BE527A4C-CD9D-4458-96F6-DEA882064D0C}.Release|Any CPU.Build.0 = Release|Any CPU
		{37AB67F1-1A44-4768-8776-1E05FA64A4F6}.Debug|Any CPU.ActiveCfg = Debug|Any CPU
		{37AB67F1-1A44-4768-8776-1E05FA64A4F6}.Debug|Any CPU.Build.0 = Debug|Any CPU
		{37AB67F1-1A44-4768-8776-1E05FA64A4F6}.Release|Any CPU.ActiveCfg = Release|Any CPU
		{37AB67F1-1A44-4768-8776-1E05FA64A4F6}.Release|Any CPU.Build.0 = Release|Any CPU
		{F7607275-9751-42B1-BFF4-9F2D15B96317}.Debug|Any CPU.ActiveCfg = Debug|Any CPU
		{F7607275-9751-42B1-BFF4-9F2D15B96317}.Debug|Any CPU.Build.0 = Debug|Any CPU
		{F7607275-9751-42B1-BFF4-9F2D15B96317}.Release|Any CPU.ActiveCfg = Release|Any CPU
		{F7607275-9751-42B1-BFF4-9F2D15B96317}.Release|Any CPU.Build.0 = Release|Any CPU
		{AD7B43C3-C0FD-46C3-92AB-AD8D00CE42DA}.Debug|Any CPU.ActiveCfg = Debug|Any CPU
		{AD7B43C3-C0FD-46C3-92AB-AD8D00CE42DA}.Debug|Any CPU.Build.0 = Debug|Any CPU
		{AD7B43C3-C0FD-46C3-92AB-AD8D00CE42DA}.Release|Any CPU.ActiveCfg = Release|Any CPU
		{AD7B43C3-C0FD-46C3-92AB-AD8D00CE42DA}.Release|Any CPU.Build.0 = Release|Any CPU
		{95649629-9B68-421A-81DC-A6EB990C9C75}.Debug|Any CPU.ActiveCfg = Debug|Any CPU
		{95649629-9B68-421A-81DC-A6EB990C9C75}.Debug|Any CPU.Build.0 = Debug|Any CPU
		{95649629-9B68-421A-81DC-A6EB990C9C75}.Release|Any CPU.ActiveCfg = Release|Any CPU
		{95649629-9B68-421A-81DC-A6EB990C9C75}.Release|Any CPU.Build.0 = Release|Any CPU
		{DDFCE628-5495-4C3E-82F7-5BF9CEDAE112}.Debug|Any CPU.ActiveCfg = Debug|Any CPU
		{DDFCE628-5495-4C3E-82F7-5BF9CEDAE112}.Debug|Any CPU.Build.0 = Debug|Any CPU
		{DDFCE628-5495-4C3E-82F7-5BF9CEDAE112}.Release|Any CPU.ActiveCfg = Release|Any CPU
		{DDFCE628-5495-4C3E-82F7-5BF9CEDAE112}.Release|Any CPU.Build.0 = Release|Any CPU
		{DEDFFD75-C0EB-40BD-8170-CCDF5C691842}.Debug|Any CPU.ActiveCfg = Debug|Any CPU
		{DEDFFD75-C0EB-40BD-8170-CCDF5C691842}.Debug|Any CPU.Build.0 = Debug|Any CPU
		{DEDFFD75-C0EB-40BD-8170-CCDF5C691842}.Release|Any CPU.ActiveCfg = Release|Any CPU
		{DEDFFD75-C0EB-40BD-8170-CCDF5C691842}.Release|Any CPU.Build.0 = Release|Any CPU
		{2C14D197-2487-4627-A02A-B0A339C1F021}.Debug|Any CPU.ActiveCfg = Debug|Any CPU
		{2C14D197-2487-4627-A02A-B0A339C1F021}.Debug|Any CPU.Build.0 = Debug|Any CPU
		{2C14D197-2487-4627-A02A-B0A339C1F021}.Release|Any CPU.ActiveCfg = Release|Any CPU
		{2C14D197-2487-4627-A02A-B0A339C1F021}.Release|Any CPU.Build.0 = Release|Any CPU
		{B12F8C26-FC96-4CE8-B47D-BC205D1121D8}.Debug|Any CPU.ActiveCfg = Debug|Any CPU
		{B12F8C26-FC96-4CE8-B47D-BC205D1121D8}.Debug|Any CPU.Build.0 = Debug|Any CPU
		{B12F8C26-FC96-4CE8-B47D-BC205D1121D8}.Release|Any CPU.ActiveCfg = Release|Any CPU
		{B12F8C26-FC96-4CE8-B47D-BC205D1121D8}.Release|Any CPU.Build.0 = Release|Any CPU
	EndGlobalSection
	GlobalSection(SolutionProperties) = preSolution
		HideSolutionNode = FALSE
	EndGlobalSection
	GlobalSection(ExtensibilityGlobals) = postSolution
		SolutionGuid = {0C4B2453-F72C-44C5-B665-D40A7A4525D5}
	EndGlobalSection
EndGlobal
